
Microsoft Visual Studio Solution File, Format Version 12.00
# Visual Studio Version 17
VisualStudioVersion = 17.13.35806.99 d17.13
MinimumVisualStudioVersion = 10.0.40219.1
Project("{FAE04EC0-301F-11D3-BF4B-00C04F79EFBC}") = "ConsoleApp1", "ConsoleApp1\ConsoleApp1.csproj", "{C343A293-B4EA-46AF-A5FE-23C8D97D20CD}"
EndProject
Global
	GlobalSection(SolutionConfigurationPlatforms) = preSolution
		Debug|Any CPU = Debug|Any CPU
		Release|Any CPU = Release|Any CPU
	EndGlobalSection
	GlobalSection(ProjectConfigurationPlatforms) = postSolution
		{C343A293-B4EA-46AF-A5FE-23C8D97D20CD}.Debug|Any CPU.ActiveCfg = Debug|Any CPU
		{C343A293-B4EA-46AF-A5FE-23C8D97D20CD}.Debug|Any CPU.Build.0 = Debug|Any CPU
		{C343A293-B4EA-46AF-A5FE-23C8D97D20CD}.Release|Any CPU.ActiveCfg = Release|Any CPU
		{C343A293-B4EA-46AF-A5FE-23C8D97D20CD}.Release|Any CPU.Build.0 = Release|Any CPU
	EndGlobalSection
	GlobalSection(SolutionProperties) = preSolution
		HideSolutionNode = FALSE
	EndGlobalSection
	GlobalSection(ExtensibilityGlobals) = postSolution
		SolutionGuid = {97301BF1-020B-42F8-B4DD-1054E0C71E40}
	EndGlobalSection
EndGlobal
